
Microsoft Visual Studio Solution File, Format Version 12.00
# Visual Studio Version 17
VisualStudioVersion = 17.9.34728.123
MinimumVisualStudioVersion = 10.0.40219.1
Project("{2150E333-8FDC-42A3-9474-1A3956D46DE8}") = "src", "src", "{F72EF623-38E8-4CAF-974E-2340CF248C8B}"
EndProject
Project("{2150E333-8FDC-42A3-9474-1A3956D46DE8}") = "Api", "Api", "{AEE869AE-590E-4F4C-A66F-800616F56797}"
EndProject
Project("{2150E333-8FDC-42A3-9474-1A3956D46DE8}") = "Core", "Core", "{01D269CE-0EED-4BAC-B19E-2FC35750261D}"
EndProject
Project("{2150E333-8FDC-42A3-9474-1A3956D46DE8}") = "Infrastructure", "Infrastructure", "{171AD60D-8E4E-41D3-8D93-7280A08B8974}"
EndProject
Project("{2150E333-8FDC-42A3-9474-1A3956D46DE8}") = "WepApi", "WepApi", "{017CD6A7-4964-442F-BB16-1ED95C32D347}"
EndProject
Project("{9A19103F-16F7-4668-BE54-9A1E7A4F7556}") = "CRM.Api.Application", "src\Api\Core\CRM.Api.Application\CRM.Api.Application.csproj", "{534A506B-C49B-489C-A70C-E22C8C1F7326}"
EndProject
Project("{9A19103F-16F7-4668-BE54-9A1E7A4F7556}") = "CRM.Api.Domain", "src\Api\Core\CRM.Api.Domain\CRM.Api.Domain.csproj", "{5D1B0134-4D89-4B0F-93EA-E48D3385E726}"
EndProject
Project("{9A19103F-16F7-4668-BE54-9A1E7A4F7556}") = "CRM.Api.Persistence", "src\Api\Infrastructure\CRM.Api.Persistence\CRM.Api.Persistence.csproj", "{DBDD87CF-3FA9-4E06-AE5D-BA118425C4B0}"
EndProject
Project("{9A19103F-16F7-4668-BE54-9A1E7A4F7556}") = "CRM.Api.WebApi", "src\Api\WepApi\CRM.Api.WebApi\CRM.Api.WebApi.csproj", "{09C48DC0-CD6A-4FB1-AB89-34A5F4F2901C}"
EndProject
Project("{2150E333-8FDC-42A3-9474-1A3956D46DE8}") = "Common", "Common", "{A7CA82F6-3437-4BF3-AC3F-DE2C409E90BF}"
EndProject
Project("{9A19103F-16F7-4668-BE54-9A1E7A4F7556}") = "CRM.Common", "src\Common\CRM.Common\CRM.Common.csproj", "{E2AD70F3-92DF-42E1-9EB7-CB8C7E4F85DE}"
EndProject
Project("{2150E333-8FDC-42A3-9474-1A3956D46DE8}") = "Clients", "Clients", "{01C7E945-90E9-4923-AF85-727EE0FB1D3B}"
EndProject
Project("{2150E333-8FDC-42A3-9474-1A3956D46DE8}") = "CRM.WebApp", "CRM.WebApp", "{DE9A1FB7-BCDB-420F-9E20-B572C333983F}"
EndProject
Project("{9A19103F-16F7-4668-BE54-9A1E7A4F7556}") = "CRM.WebApp", "src\Clients\CRM.WebApp\CRM.WebApp\CRM.WebApp\CRM.WebApp.csproj", "{4790B4A1-42C6-4B10-AB8B-3E679EFC5029}"
EndProject
Global
	GlobalSection(SolutionConfigurationPlatforms) = preSolution
		Debug|Any CPU = Debug|Any CPU
		Release|Any CPU = Release|Any CPU
	EndGlobalSection
	GlobalSection(ProjectConfigurationPlatforms) = postSolution
		{534A506B-C49B-489C-A70C-E22C8C1F7326}.Debug|Any CPU.ActiveCfg = Debug|Any CPU
		{534A506B-C49B-489C-A70C-E22C8C1F7326}.Debug|Any CPU.Build.0 = Debug|Any CPU
		{534A506B-C49B-489C-A70C-E22C8C1F7326}.Release|Any CPU.ActiveCfg = Release|Any CPU
		{534A506B-C49B-489C-A70C-E22C8C1F7326}.Release|Any CPU.Build.0 = Release|Any CPU
		{5D1B0134-4D89-4B0F-93EA-E48D3385E726}.Debug|Any CPU.ActiveCfg = Debug|Any CPU
		{5D1B0134-4D89-4B0F-93EA-E48D3385E726}.Debug|Any CPU.Build.0 = Debug|Any CPU
		{5D1B0134-4D89-4B0F-93EA-E48D3385E726}.Release|Any CPU.ActiveCfg = Release|Any CPU
		{5D1B0134-4D89-4B0F-93EA-E48D3385E726}.Release|Any CPU.Build.0 = Release|Any CPU
		{DBDD87CF-3FA9-4E06-AE5D-BA118425C4B0}.Debug|Any CPU.ActiveCfg = Debug|Any CPU
		{DBDD87CF-3FA9-4E06-AE5D-BA118425C4B0}.Debug|Any CPU.Build.0 = Debug|Any CPU
		{DBDD87CF-3FA9-4E06-AE5D-BA118425C4B0}.Release|Any CPU.ActiveCfg = Release|Any CPU
		{DBDD87CF-3FA9-4E06-AE5D-BA118425C4B0}.Release|Any CPU.Build.0 = Release|Any CPU
		{09C48DC0-CD6A-4FB1-AB89-34A5F4F2901C}.Debug|Any CPU.ActiveCfg = Debug|Any CPU
		{09C48DC0-CD6A-4FB1-AB89-34A5F4F2901C}.Debug|Any CPU.Build.0 = Debug|Any CPU
		{09C48DC0-CD6A-4FB1-AB89-34A5F4F2901C}.Release|Any CPU.ActiveCfg = Release|Any CPU
		{09C48DC0-CD6A-4FB1-AB89-34A5F4F2901C}.Release|Any CPU.Build.0 = Release|Any CPU
		{E2AD70F3-92DF-42E1-9EB7-CB8C7E4F85DE}.Debug|Any CPU.ActiveCfg = Debug|Any CPU
		{E2AD70F3-92DF-42E1-9EB7-CB8C7E4F85DE}.Debug|Any CPU.Build.0 = Debug|Any CPU
		{E2AD70F3-92DF-42E1-9EB7-CB8C7E4F85DE}.Release|Any CPU.ActiveCfg = Release|Any CPU
		{E2AD70F3-92DF-42E1-9EB7-CB8C7E4F85DE}.Release|Any CPU.Build.0 = Release|Any CPU
		{4790B4A1-42C6-4B10-AB8B-3E679EFC5029}.Debug|Any CPU.ActiveCfg = Debug|Any CPU
		{4790B4A1-42C6-4B10-AB8B-3E679EFC5029}.Debug|Any CPU.Build.0 = Debug|Any CPU
		{4790B4A1-42C6-4B10-AB8B-3E679EFC5029}.Release|Any CPU.ActiveCfg = Release|Any CPU
		{4790B4A1-42C6-4B10-AB8B-3E679EFC5029}.Release|Any CPU.Build.0 = Release|Any CPU
	EndGlobalSection
	GlobalSection(SolutionProperties) = preSolution
		HideSolutionNode = FALSE
	EndGlobalSection
	GlobalSection(NestedProjects) = preSolution
		{AEE869AE-590E-4F4C-A66F-800616F56797} = {F72EF623-38E8-4CAF-974E-2340CF248C8B}
		{01D269CE-0EED-4BAC-B19E-2FC35750261D} = {AEE869AE-590E-4F4C-A66F-800616F56797}
		{171AD60D-8E4E-41D3-8D93-7280A08B8974} = {AEE869AE-590E-4F4C-A66F-800616F56797}
		{017CD6A7-4964-442F-BB16-1ED95C32D347} = {AEE869AE-590E-4F4C-A66F-800616F56797}
		{534A506B-C49B-489C-A70C-E22C8C1F7326} = {01D269CE-0EED-4BAC-B19E-2FC35750261D}
		{5D1B0134-4D89-4B0F-93EA-E48D3385E726} = {01D269CE-0EED-4BAC-B19E-2FC35750261D}
		{DBDD87CF-3FA9-4E06-AE5D-BA118425C4B0} = {171AD60D-8E4E-41D3-8D93-7280A08B8974}
		{09C48DC0-CD6A-4FB1-AB89-34A5F4F2901C} = {017CD6A7-4964-442F-BB16-1ED95C32D347}
		{A7CA82F6-3437-4BF3-AC3F-DE2C409E90BF} = {F72EF623-38E8-4CAF-974E-2340CF248C8B}
		{E2AD70F3-92DF-42E1-9EB7-CB8C7E4F85DE} = {A7CA82F6-3437-4BF3-AC3F-DE2C409E90BF}
		{01C7E945-90E9-4923-AF85-727EE0FB1D3B} = {F72EF623-38E8-4CAF-974E-2340CF248C8B}
		{DE9A1FB7-BCDB-420F-9E20-B572C333983F} = {01C7E945-90E9-4923-AF85-727EE0FB1D3B}
		{4790B4A1-42C6-4B10-AB8B-3E679EFC5029} = {DE9A1FB7-BCDB-420F-9E20-B572C333983F}
	EndGlobalSection
	GlobalSection(ExtensibilityGlobals) = postSolution
		SolutionGuid = {F0E94A46-C5C7-4712-BFA4-8287CF009E1F}
	EndGlobalSection
EndGlobal
